// !$*UTF8*$!
{
	archiveVersion = 1;
	classes = {
	};
	objectVersion = 55;
	objects = {

/* Begin PBXBuildFile section */
		1FF18CE4A70650654A77A43D /* Pods_Drapshop.framework in Frameworks */ = {isa = PBXBuildFile; fileRef = 668365142B84C367B646481B /* Pods_Drapshop.framework */; };
		8D007AA828A9E03F00A3885C /* ErrorModel.swift in Sources */ = {isa = PBXBuildFile; fileRef = 8D007AA728A9E03F00A3885C /* ErrorModel.swift */; };
		8D086EC728AB4C8700DB5516 /* CustomAnnotation.swift in Sources */ = {isa = PBXBuildFile; fileRef = 8D086EC628AB4C8700DB5516 /* CustomAnnotation.swift */; };
		8D184A0D28A715EF00F8E409 /* AppDelegate.swift in Sources */ = {isa = PBXBuildFile; fileRef = 8D184A0C28A715EF00F8E409 /* AppDelegate.swift */; };
		8D184A0F28A715EF00F8E409 /* SceneDelegate.swift in Sources */ = {isa = PBXBuildFile; fileRef = 8D184A0E28A715EF00F8E409 /* SceneDelegate.swift */; };
		8D184A1128A715EF00F8E409 /* LoginViewController.swift in Sources */ = {isa = PBXBuildFile; fileRef = 8D184A1028A715EF00F8E409 /* LoginViewController.swift */; };
		8D184A1628A715F400F8E409 /* Assets.xcassets in Resources */ = {isa = PBXBuildFile; fileRef = 8D184A1528A715F400F8E409 /* Assets.xcassets */; };
		8D184A1928A715F400F8E409 /* LaunchScreen.storyboard in Resources */ = {isa = PBXBuildFile; fileRef = 8D184A1728A715F400F8E409 /* LaunchScreen.storyboard */; };
		8D184A2328A71D8600F8E409 /* LoginViewController.xib in Resources */ = {isa = PBXBuildFile; fileRef = 8D184A2228A71D8600F8E409 /* LoginViewController.xib */; };
		8D184A2B28A720BA00F8E409 /* DSTextFieldView.xib in Resources */ = {isa = PBXBuildFile; fileRef = 8D184A2728A720B900F8E409 /* DSTextFieldView.xib */; };
		8D184A2C28A720BA00F8E409 /* DSTextFieldView.swift in Sources */ = {isa = PBXBuildFile; fileRef = 8D184A2828A720B900F8E409 /* DSTextFieldView.swift */; };
		8D184A2D28A720BA00F8E409 /* DSButton.swift in Sources */ = {isa = PBXBuildFile; fileRef = 8D184A2A28A720BA00F8E409 /* DSButton.swift */; };
		8D2C1F7228AAA1B200AC7088 /* String.swift in Sources */ = {isa = PBXBuildFile; fileRef = 8D2C1F7128AAA1B200AC7088 /* String.swift */; };
		8D3D838228A7CB6400611DC6 /* HomeViewController.swift in Sources */ = {isa = PBXBuildFile; fileRef = 8D3D838028A7CB6400611DC6 /* HomeViewController.swift */; };
		8D3D838328A7CB6400611DC6 /* HomeViewController.xib in Resources */ = {isa = PBXBuildFile; fileRef = 8D3D838128A7CB6400611DC6 /* HomeViewController.xib */; };
		8D3D838628A7CD8900611DC6 /* UserDefaultsManager.swift in Sources */ = {isa = PBXBuildFile; fileRef = 8D3D838528A7CD8900611DC6 /* UserDefaultsManager.swift */; };
		8D3D838A28A7D19E00611DC6 /* UserModel.swift in Sources */ = {isa = PBXBuildFile; fileRef = 8D3D838928A7D19E00611DC6 /* UserModel.swift */; };
		8D3D838D28A7D25E00611DC6 /* UserDefaults.swift in Sources */ = {isa = PBXBuildFile; fileRef = 8D3D838C28A7D25E00611DC6 /* UserDefaults.swift */; };
		8D3D839128A7D6BC00611DC6 /* SignupViewController.swift in Sources */ = {isa = PBXBuildFile; fileRef = 8D3D838F28A7D6BC00611DC6 /* SignupViewController.swift */; };
		8D3D839228A7D6BC00611DC6 /* SignupViewController.xib in Resources */ = {isa = PBXBuildFile; fileRef = 8D3D839028A7D6BC00611DC6 /* SignupViewController.xib */; };
		8D3D839528A7DA9500611DC6 /* DSViewController.swift in Sources */ = {isa = PBXBuildFile; fileRef = 8D3D839428A7DA9500611DC6 /* DSViewController.swift */; };
		8D3D839728A7DFAB00611DC6 /* SignupPresenter.swift in Sources */ = {isa = PBXBuildFile; fileRef = 8D3D839628A7DFAB00611DC6 /* SignupPresenter.swift */; };
		8D3D839928A7EA3E00611DC6 /* SceneSelector.swift in Sources */ = {isa = PBXBuildFile; fileRef = 8D3D839828A7EA3E00611DC6 /* SceneSelector.swift */; };
		8D3D839B28A7EBE800611DC6 /* LoginPresenter.swift in Sources */ = {isa = PBXBuildFile; fileRef = 8D3D839A28A7EBE800611DC6 /* LoginPresenter.swift */; };
		8D8BE84228A9DBBC002B9BB3 /* HomeCollectionViewCell.swift in Sources */ = {isa = PBXBuildFile; fileRef = 8D8BE84028A9DBBC002B9BB3 /* HomeCollectionViewCell.swift */; };
		8D8BE84328A9DBBC002B9BB3 /* HomeCollectionViewCell.xib in Resources */ = {isa = PBXBuildFile; fileRef = 8D8BE84128A9DBBC002B9BB3 /* HomeCollectionViewCell.xib */; };
		8DB3AF9328AB1AA500ACC22B /* MapViewController.swift in Sources */ = {isa = PBXBuildFile; fileRef = 8DB3AF9128AB1AA500ACC22B /* MapViewController.swift */; };
		8DB3AF9428AB1AA500ACC22B /* MapViewController.xib in Resources */ = {isa = PBXBuildFile; fileRef = 8DB3AF9228AB1AA500ACC22B /* MapViewController.xib */; };
		8DB3AF9628AB225000ACC22B /* MapKit.framework in Frameworks */ = {isa = PBXBuildFile; fileRef = 8DB3AF9528AB225000ACC22B /* MapKit.framework */; };
		8DFD1F0F28A9CE0100F96887 /* HomePresenter.swift in Sources */ = {isa = PBXBuildFile; fileRef = 8DFD1F0E28A9CE0100F96887 /* HomePresenter.swift */; };
		8DFD1F1128A9CE2A00F96887 /* ProductModel.swift in Sources */ = {isa = PBXBuildFile; fileRef = 8DFD1F1028A9CE2A00F96887 /* ProductModel.swift */; };
		8DFD1F1328A9D00100F96887 /* NetworkManager.swift in Sources */ = {isa = PBXBuildFile; fileRef = 8DFD1F1228A9D00100F96887 /* NetworkManager.swift */; };
		8DFD1F1628A9D6CB00F96887 /* Environment.swift in Sources */ = {isa = PBXBuildFile; fileRef = 8DFD1F1528A9D6CB00F96887 /* Environment.swift */; };
/* End PBXBuildFile section */

/* Begin PBXFileReference section */
		0A71935764962E877E8A6375 /* Pods-Drapshop.release.xcconfig */ = {isa = PBXFileReference; includeInIndex = 1; lastKnownFileType = text.xcconfig; name = "Pods-Drapshop.release.xcconfig"; path = "Target Support Files/Pods-Drapshop/Pods-Drapshop.release.xcconfig"; sourceTree = "<group>"; };
		0ADD6DE47534440831479F85 /* Pods-Drapshop.debug.xcconfig */ = {isa = PBXFileReference; includeInIndex = 1; lastKnownFileType = text.xcconfig; name = "Pods-Drapshop.debug.xcconfig"; path = "Target Support Files/Pods-Drapshop/Pods-Drapshop.debug.xcconfig"; sourceTree = "<group>"; };
		668365142B84C367B646481B /* Pods_Drapshop.framework */ = {isa = PBXFileReference; explicitFileType = wrapper.framework; includeInIndex = 0; path = Pods_Drapshop.framework; sourceTree = BUILT_PRODUCTS_DIR; };
		8D007AA728A9E03F00A3885C /* ErrorModel.swift */ = {isa = PBXFileReference; lastKnownFileType = sourcecode.swift; path = ErrorModel.swift; sourceTree = "<group>"; };
		8D086EC628AB4C8700DB5516 /* CustomAnnotation.swift */ = {isa = PBXFileReference; lastKnownFileType = sourcecode.swift; path = CustomAnnotation.swift; sourceTree = "<group>"; };
		8D184A0928A715EF00F8E409 /* Drapshop.app */ = {isa = PBXFileReference; explicitFileType = wrapper.application; includeInIndex = 0; path = Drapshop.app; sourceTree = BUILT_PRODUCTS_DIR; };
		8D184A0C28A715EF00F8E409 /* AppDelegate.swift */ = {isa = PBXFileReference; lastKnownFileType = sourcecode.swift; path = AppDelegate.swift; sourceTree = "<group>"; };
		8D184A0E28A715EF00F8E409 /* SceneDelegate.swift */ = {isa = PBXFileReference; lastKnownFileType = sourcecode.swift; path = SceneDelegate.swift; sourceTree = "<group>"; };
		8D184A1028A715EF00F8E409 /* LoginViewController.swift */ = {isa = PBXFileReference; lastKnownFileType = sourcecode.swift; name = LoginViewController.swift; path = ../../LoginViewController.swift; sourceTree = "<group>"; };
		8D184A1528A715F400F8E409 /* Assets.xcassets */ = {isa = PBXFileReference; lastKnownFileType = folder.assetcatalog; path = Assets.xcassets; sourceTree = "<group>"; };
		8D184A1828A715F400F8E409 /* Base */ = {isa = PBXFileReference; lastKnownFileType = file.storyboard; name = Base; path = Base.lproj/LaunchScreen.storyboard; sourceTree = "<group>"; };
		8D184A1A28A715F400F8E409 /* Info.plist */ = {isa = PBXFileReference; lastKnownFileType = text.plist.xml; path = Info.plist; sourceTree = "<group>"; };
		8D184A2228A71D8600F8E409 /* LoginViewController.xib */ = {isa = PBXFileReference; lastKnownFileType = file.xib; path = LoginViewController.xib; sourceTree = "<group>"; };
		8D184A2728A720B900F8E409 /* DSTextFieldView.xib */ = {isa = PBXFileReference; fileEncoding = 4; lastKnownFileType = file.xib; path = DSTextFieldView.xib; sourceTree = "<group>"; };
		8D184A2828A720B900F8E409 /* DSTextFieldView.swift */ = {isa = PBXFileReference; fileEncoding = 4; lastKnownFileType = sourcecode.swift; path = DSTextFieldView.swift; sourceTree = "<group>"; };
		8D184A2A28A720BA00F8E409 /* DSButton.swift */ = {isa = PBXFileReference; fileEncoding = 4; lastKnownFileType = sourcecode.swift; path = DSButton.swift; sourceTree = "<group>"; };
		8D2C1F7128AAA1B200AC7088 /* String.swift */ = {isa = PBXFileReference; lastKnownFileType = sourcecode.swift; path = String.swift; sourceTree = "<group>"; };
		8D3D838028A7CB6400611DC6 /* HomeViewController.swift */ = {isa = PBXFileReference; lastKnownFileType = sourcecode.swift; path = HomeViewController.swift; sourceTree = "<group>"; };
		8D3D838128A7CB6400611DC6 /* HomeViewController.xib */ = {isa = PBXFileReference; lastKnownFileType = file.xib; path = HomeViewController.xib; sourceTree = "<group>"; };
		8D3D838528A7CD8900611DC6 /* UserDefaultsManager.swift */ = {isa = PBXFileReference; lastKnownFileType = sourcecode.swift; path = UserDefaultsManager.swift; sourceTree = "<group>"; };
		8D3D838928A7D19E00611DC6 /* UserModel.swift */ = {isa = PBXFileReference; lastKnownFileType = sourcecode.swift; path = UserModel.swift; sourceTree = "<group>"; };
		8D3D838C28A7D25E00611DC6 /* UserDefaults.swift */ = {isa = PBXFileReference; lastKnownFileType = sourcecode.swift; path = UserDefaults.swift; sourceTree = "<group>"; };
		8D3D838F28A7D6BC00611DC6 /* SignupViewController.swift */ = {isa = PBXFileReference; lastKnownFileType = sourcecode.swift; path = SignupViewController.swift; sourceTree = "<group>"; };
		8D3D839028A7D6BC00611DC6 /* SignupViewController.xib */ = {isa = PBXFileReference; lastKnownFileType = file.xib; path = SignupViewController.xib; sourceTree = "<group>"; };
		8D3D839428A7DA9500611DC6 /* DSViewController.swift */ = {isa = PBXFileReference; fileEncoding = 4; lastKnownFileType = sourcecode.swift; path = DSViewController.swift; sourceTree = "<group>"; };
		8D3D839628A7DFAB00611DC6 /* SignupPresenter.swift */ = {isa = PBXFileReference; lastKnownFileType = sourcecode.swift; path = SignupPresenter.swift; sourceTree = "<group>"; };
		8D3D839828A7EA3E00611DC6 /* SceneSelector.swift */ = {isa = PBXFileReference; fileEncoding = 4; lastKnownFileType = sourcecode.swift; path = SceneSelector.swift; sourceTree = "<group>"; };
		8D3D839A28A7EBE800611DC6 /* LoginPresenter.swift */ = {isa = PBXFileReference; lastKnownFileType = sourcecode.swift; path = LoginPresenter.swift; sourceTree = "<group>"; };
		8D8BE84028A9DBBC002B9BB3 /* HomeCollectionViewCell.swift */ = {isa = PBXFileReference; lastKnownFileType = sourcecode.swift; path = HomeCollectionViewCell.swift; sourceTree = "<group>"; };
		8D8BE84128A9DBBC002B9BB3 /* HomeCollectionViewCell.xib */ = {isa = PBXFileReference; lastKnownFileType = file.xib; path = HomeCollectionViewCell.xib; sourceTree = "<group>"; };
		8DB3AF9128AB1AA500ACC22B /* MapViewController.swift */ = {isa = PBXFileReference; lastKnownFileType = sourcecode.swift; path = MapViewController.swift; sourceTree = "<group>"; };
		8DB3AF9228AB1AA500ACC22B /* MapViewController.xib */ = {isa = PBXFileReference; lastKnownFileType = file.xib; path = MapViewController.xib; sourceTree = "<group>"; };
		8DB3AF9528AB225000ACC22B /* MapKit.framework */ = {isa = PBXFileReference; lastKnownFileType = wrapper.framework; name = MapKit.framework; path = System/Library/Frameworks/MapKit.framework; sourceTree = SDKROOT; };
		8DFD1F0E28A9CE0100F96887 /* HomePresenter.swift */ = {isa = PBXFileReference; lastKnownFileType = sourcecode.swift; path = HomePresenter.swift; sourceTree = "<group>"; };
		8DFD1F1028A9CE2A00F96887 /* ProductModel.swift */ = {isa = PBXFileReference; lastKnownFileType = sourcecode.swift; path = ProductModel.swift; sourceTree = "<group>"; };
		8DFD1F1228A9D00100F96887 /* NetworkManager.swift */ = {isa = PBXFileReference; lastKnownFileType = sourcecode.swift; path = NetworkManager.swift; sourceTree = "<group>"; };
		8DFD1F1528A9D6CB00F96887 /* Environment.swift */ = {isa = PBXFileReference; lastKnownFileType = sourcecode.swift; path = Environment.swift; sourceTree = "<group>"; };
/* End PBXFileReference section */

/* Begin PBXFrameworksBuildPhase section */
		8D184A0628A715EF00F8E409 /* Frameworks */ = {
			isa = PBXFrameworksBuildPhase;
			buildActionMask = 2147483647;
			files = (
				8DB3AF9628AB225000ACC22B /* MapKit.framework in Frameworks */,
				1FF18CE4A70650654A77A43D /* Pods_Drapshop.framework in Frameworks */,
			);
			runOnlyForDeploymentPostprocessing = 0;
		};
/* End PBXFrameworksBuildPhase section */

/* Begin PBXGroup section */
		7EB8D96E0FD0A1390E6D37FF /* Frameworks */ = {
			isa = PBXGroup;
			children = (
				8DB3AF9528AB225000ACC22B /* MapKit.framework */,
				668365142B84C367B646481B /* Pods_Drapshop.framework */,
			);
			name = Frameworks;
			sourceTree = "<group>";
		};
		8A3FBF357B785CE8ED6F28D4 /* Pods */ = {
			isa = PBXGroup;
			children = (
				0ADD6DE47534440831479F85 /* Pods-Drapshop.debug.xcconfig */,
				0A71935764962E877E8A6375 /* Pods-Drapshop.release.xcconfig */,
			);
			path = Pods;
			sourceTree = "<group>";
		};
		8D086EC528AB4C7000DB5516 /* Annotation */ = {
			isa = PBXGroup;
			children = (
				8D086EC628AB4C8700DB5516 /* CustomAnnotation.swift */,
			);
			path = Annotation;
			sourceTree = "<group>";
		};
		8D184A0028A715EE00F8E409 = {
			isa = PBXGroup;
			children = (
				8D184A0B28A715EF00F8E409 /* Drapshop */,
				8D184A0A28A715EF00F8E409 /* Products */,
				8A3FBF357B785CE8ED6F28D4 /* Pods */,
				7EB8D96E0FD0A1390E6D37FF /* Frameworks */,
			);
			sourceTree = "<group>";
		};
		8D184A0A28A715EF00F8E409 /* Products */ = {
			isa = PBXGroup;
			children = (
				8D184A0928A715EF00F8E409 /* Drapshop.app */,
			);
			name = Products;
			sourceTree = "<group>";
		};
		8D184A0B28A715EF00F8E409 /* Drapshop */ = {
			isa = PBXGroup;
			children = (
				8D184A0C28A715EF00F8E409 /* AppDelegate.swift */,
				8D184A0E28A715EF00F8E409 /* SceneDelegate.swift */,
				8D3D838728A7D17200611DC6 /* Networking */,
				8D3D838428A7CD7A00611DC6 /* Managers */,
				8D184A2028A71D5A00F8E409 /* Scenes */,
				8D184A2428A7208800F8E409 /* Utils */,
				8D184A1528A715F400F8E409 /* Assets.xcassets */,
				8D184A1728A715F400F8E409 /* LaunchScreen.storyboard */,
				8D184A1A28A715F400F8E409 /* Info.plist */,
			);
			path = Drapshop;
			sourceTree = "<group>";
		};
		8D184A2028A71D5A00F8E409 /* Scenes */ = {
			isa = PBXGroup;
			children = (
				8DB3AF9028AB1A9300ACC22B /* Map */,
				8D3D838E28A7D6A000611DC6 /* Signup */,
				8D3D837F28A7CB4D00611DC6 /* Home */,
				8D184A2128A71D6100F8E409 /* Login */,
			);
			path = Scenes;
			sourceTree = "<group>";
		};
		8D184A2128A71D6100F8E409 /* Login */ = {
			isa = PBXGroup;
			children = (
				8D3D839A28A7EBE800611DC6 /* LoginPresenter.swift */,
				8D184A1028A715EF00F8E409 /* LoginViewController.swift */,
				8D184A2228A71D8600F8E409 /* LoginViewController.xib */,
			);
			path = Login;
			sourceTree = "<group>";
		};
		8D184A2428A7208800F8E409 /* Utils */ = {
			isa = PBXGroup;
			children = (
				8DFD1F1528A9D6CB00F96887 /* Environment.swift */,
				8D3D839828A7EA3E00611DC6 /* SceneSelector.swift */,
				8D3D838B28A7D25400611DC6 /* Extensions */,
				8D184A2528A720A600F8E409 /* CustomViews */,
			);
			path = Utils;
			sourceTree = "<group>";
		};
		8D184A2528A720A600F8E409 /* CustomViews */ = {
			isa = PBXGroup;
			children = (
				8D3D839328A7DA8B00611DC6 /* viewController */,
				8D184A2928A720B900F8E409 /* button */,
				8D184A2628A720B900F8E409 /* textField */,
			);
			path = CustomViews;
			sourceTree = "<group>";
		};
		8D184A2628A720B900F8E409 /* textField */ = {
			isa = PBXGroup;
			children = (
				8D184A2828A720B900F8E409 /* DSTextFieldView.swift */,
				8D184A2728A720B900F8E409 /* DSTextFieldView.xib */,
			);
			path = textField;
			sourceTree = "<group>";
		};
		8D184A2928A720B900F8E409 /* button */ = {
			isa = PBXGroup;
			children = (
				8D184A2A28A720BA00F8E409 /* DSButton.swift */,
			);
			path = button;
			sourceTree = "<group>";
		};
		8D3D837F28A7CB4D00611DC6 /* Home */ = {
			isa = PBXGroup;
			children = (
				8D8BE84528A9DC9F002B9BB3 /* HomeCell */,
				8DFD1F0E28A9CE0100F96887 /* HomePresenter.swift */,
				8D3D838028A7CB6400611DC6 /* HomeViewController.swift */,
				8D3D838128A7CB6400611DC6 /* HomeViewController.xib */,
			);
			path = Home;
			sourceTree = "<group>";
		};
		8D3D838428A7CD7A00611DC6 /* Managers */ = {
			isa = PBXGroup;
			children = (
				8D3D838528A7CD8900611DC6 /* UserDefaultsManager.swift */,
			);
			path = Managers;
			sourceTree = "<group>";
		};
		8D3D838728A7D17200611DC6 /* Networking */ = {
			isa = PBXGroup;
			children = (
				8D3D838828A7D19100611DC6 /* Models */,
				8DFD1F1228A9D00100F96887 /* NetworkManager.swift */,
			);
			path = Networking;
			sourceTree = "<group>";
		};
		8D3D838828A7D19100611DC6 /* Models */ = {
			isa = PBXGroup;
			children = (
				8D3D838928A7D19E00611DC6 /* UserModel.swift */,
				8DFD1F1028A9CE2A00F96887 /* ProductModel.swift */,
				8D007AA728A9E03F00A3885C /* ErrorModel.swift */,
			);
			path = Models;
			sourceTree = "<group>";
		};
		8D3D838B28A7D25400611DC6 /* Extensions */ = {
			isa = PBXGroup;
			children = (
				8D3D838C28A7D25E00611DC6 /* UserDefaults.swift */,
				8D2C1F7128AAA1B200AC7088 /* String.swift */,
			);
			path = Extensions;
			sourceTree = "<group>";
		};
		8D3D838E28A7D6A000611DC6 /* Signup */ = {
			isa = PBXGroup;
			children = (
				8D3D839628A7DFAB00611DC6 /* SignupPresenter.swift */,
				8D3D838F28A7D6BC00611DC6 /* SignupViewController.swift */,
				8D3D839028A7D6BC00611DC6 /* SignupViewController.xib */,
			);
			path = Signup;
			sourceTree = "<group>";
		};
		8D3D839328A7DA8B00611DC6 /* viewController */ = {
			isa = PBXGroup;
			children = (
				8D3D839428A7DA9500611DC6 /* DSViewController.swift */,
			);
			path = viewController;
			sourceTree = "<group>";
		};
		8D8BE84528A9DC9F002B9BB3 /* HomeCell */ = {
			isa = PBXGroup;
			children = (
				8D8BE84028A9DBBC002B9BB3 /* HomeCollectionViewCell.swift */,
				8D8BE84128A9DBBC002B9BB3 /* HomeCollectionViewCell.xib */,
			);
			path = HomeCell;
			sourceTree = "<group>";
		};
		8DB3AF9028AB1A9300ACC22B /* Map */ = {
			isa = PBXGroup;
			children = (
				8D086EC528AB4C7000DB5516 /* Annotation */,
				8DB3AF9128AB1AA500ACC22B /* MapViewController.swift */,
				8DB3AF9228AB1AA500ACC22B /* MapViewController.xib */,
			);
			path = Map;
			sourceTree = "<group>";
		};
/* End PBXGroup section */

/* Begin PBXNativeTarget section */
		8D184A0828A715EF00F8E409 /* Drapshop */ = {
			isa = PBXNativeTarget;
			buildConfigurationList = 8D184A1D28A715F400F8E409 /* Build configuration list for PBXNativeTarget "Drapshop" */;
			buildPhases = (
				AA53BD4FFDEAB7F3B195A551 /* [CP] Check Pods Manifest.lock */,
				8D184A0528A715EF00F8E409 /* Sources */,
				8D184A0628A715EF00F8E409 /* Frameworks */,
				8D184A0728A715EF00F8E409 /* Resources */,
				F2B94C58D9E24ABAF057ACB8 /* [CP] Embed Pods Frameworks */,
			);
			buildRules = (
			);
			dependencies = (
			);
			name = Drapshop;
			productName = Drapshop;
			productReference = 8D184A0928A715EF00F8E409 /* Drapshop.app */;
			productType = "com.apple.product-type.application";
		};
/* End PBXNativeTarget section */

/* Begin PBXProject section */
		8D184A0128A715EE00F8E409 /* Project object */ = {
			isa = PBXProject;
			attributes = {
				BuildIndependentTargetsInParallel = 1;
				LastSwiftUpdateCheck = 1340;
				LastUpgradeCheck = 1340;
				TargetAttributes = {
					8D184A0828A715EF00F8E409 = {
						CreatedOnToolsVersion = 13.4.1;
					};
				};
			};
			buildConfigurationList = 8D184A0428A715EE00F8E409 /* Build configuration list for PBXProject "Drapshop" */;
			compatibilityVersion = "Xcode 13.0";
			developmentRegion = en;
			hasScannedForEncodings = 0;
			knownRegions = (
				en,
				Base,
			);
			mainGroup = 8D184A0028A715EE00F8E409;
			productRefGroup = 8D184A0A28A715EF00F8E409 /* Products */;
			projectDirPath = "";
			projectRoot = "";
			targets = (
				8D184A0828A715EF00F8E409 /* Drapshop */,
			);
		};
/* End PBXProject section */

/* Begin PBXResourcesBuildPhase section */
		8D184A0728A715EF00F8E409 /* Resources */ = {
			isa = PBXResourcesBuildPhase;
			buildActionMask = 2147483647;
			files = (
				8D3D839228A7D6BC00611DC6 /* SignupViewController.xib in Resources */,
				8D184A1928A715F400F8E409 /* LaunchScreen.storyboard in Resources */,
				8D184A1628A715F400F8E409 /* Assets.xcassets in Resources */,
				8DB3AF9428AB1AA500ACC22B /* MapViewController.xib in Resources */,
				8D8BE84328A9DBBC002B9BB3 /* HomeCollectionViewCell.xib in Resources */,
				8D3D838328A7CB6400611DC6 /* HomeViewController.xib in Resources */,
				8D184A2B28A720BA00F8E409 /* DSTextFieldView.xib in Resources */,
				8D184A2328A71D8600F8E409 /* LoginViewController.xib in Resources */,
			);
			runOnlyForDeploymentPostprocessing = 0;
		};
/* End PBXResourcesBuildPhase section */

/* Begin PBXShellScriptBuildPhase section */
		AA53BD4FFDEAB7F3B195A551 /* [CP] Check Pods Manifest.lock */ = {
			isa = PBXShellScriptBuildPhase;
			buildActionMask = 2147483647;
			files = (
			);
			inputFileListPaths = (
			);
			inputPaths = (
				"${PODS_PODFILE_DIR_PATH}/Podfile.lock",
				"${PODS_ROOT}/Manifest.lock",
			);
			name = "[CP] Check Pods Manifest.lock";
			outputFileListPaths = (
			);
			outputPaths = (
				"$(DERIVED_FILE_DIR)/Pods-Drapshop-checkManifestLockResult.txt",
			);
			runOnlyForDeploymentPostprocessing = 0;
			shellPath = /bin/sh;
			shellScript = "diff \"${PODS_PODFILE_DIR_PATH}/Podfile.lock\" \"${PODS_ROOT}/Manifest.lock\" > /dev/null\nif [ $? != 0 ] ; then\n    # print error to STDERR\n    echo \"error: The sandbox is not in sync with the Podfile.lock. Run 'pod install' or update your CocoaPods installation.\" >&2\n    exit 1\nfi\n# This output is used by Xcode 'outputs' to avoid re-running this script phase.\necho \"SUCCESS\" > \"${SCRIPT_OUTPUT_FILE_0}\"\n";
			showEnvVarsInLog = 0;
		};
		F2B94C58D9E24ABAF057ACB8 /* [CP] Embed Pods Frameworks */ = {
			isa = PBXShellScriptBuildPhase;
			buildActionMask = 2147483647;
			files = (
			);
			inputFileListPaths = (
				"${PODS_ROOT}/Target Support Files/Pods-Drapshop/Pods-Drapshop-frameworks-${CONFIGURATION}-input-files.xcfilelist",
			);
			name = "[CP] Embed Pods Frameworks";
			outputFileListPaths = (
				"${PODS_ROOT}/Target Support Files/Pods-Drapshop/Pods-Drapshop-frameworks-${CONFIGURATION}-output-files.xcfilelist",
			);
			runOnlyForDeploymentPostprocessing = 0;
			shellPath = /bin/sh;
			shellScript = "\"${PODS_ROOT}/Target Support Files/Pods-Drapshop/Pods-Drapshop-frameworks.sh\"\n";
			showEnvVarsInLog = 0;
		};
/* End PBXShellScriptBuildPhase section */

/* Begin PBXSourcesBuildPhase section */
		8D184A0528A715EF00F8E409 /* Sources */ = {
			isa = PBXSourcesBuildPhase;
			buildActionMask = 2147483647;
			files = (
				8D184A1128A715EF00F8E409 /* LoginViewController.swift in Sources */,
				8D184A0D28A715EF00F8E409 /* AppDelegate.swift in Sources */,
				8D3D839B28A7EBE800611DC6 /* LoginPresenter.swift in Sources */,
				8DFD1F0F28A9CE0100F96887 /* HomePresenter.swift in Sources */,
				8D3D839128A7D6BC00611DC6 /* SignupViewController.swift in Sources */,
				8D3D838A28A7D19E00611DC6 /* UserModel.swift in Sources */,
				8D3D839928A7EA3E00611DC6 /* SceneSelector.swift in Sources */,
				8D184A2C28A720BA00F8E409 /* DSTextFieldView.swift in Sources */,
				8D3D838628A7CD8900611DC6 /* UserDefaultsManager.swift in Sources */,
				8D3D838D28A7D25E00611DC6 /* UserDefaults.swift in Sources */,
				8D007AA828A9E03F00A3885C /* ErrorModel.swift in Sources */,
				8DB3AF9328AB1AA500ACC22B /* MapViewController.swift in Sources */,
				8DFD1F1328A9D00100F96887 /* NetworkManager.swift in Sources */,
				8D184A2D28A720BA00F8E409 /* DSButton.swift in Sources */,
				8D086EC728AB4C8700DB5516 /* CustomAnnotation.swift in Sources */,
				8D184A0F28A715EF00F8E409 /* SceneDelegate.swift in Sources */,
				8DFD1F1628A9D6CB00F96887 /* Environment.swift in Sources */,
				8D8BE84228A9DBBC002B9BB3 /* HomeCollectionViewCell.swift in Sources */,
				8D3D839528A7DA9500611DC6 /* DSViewController.swift in Sources */,
				8D3D839728A7DFAB00611DC6 /* SignupPresenter.swift in Sources */,
				8D2C1F7228AAA1B200AC7088 /* String.swift in Sources */,
				8D3D838228A7CB6400611DC6 /* HomeViewController.swift in Sources */,
				8DFD1F1128A9CE2A00F96887 /* ProductModel.swift in Sources */,
			);
			runOnlyForDeploymentPostprocessing = 0;
		};
/* End PBXSourcesBuildPhase section */

/* Begin PBXVariantGroup section */
		8D184A1728A715F400F8E409 /* LaunchScreen.storyboard */ = {
			isa = PBXVariantGroup;
			children = (
				8D184A1828A715F400F8E409 /* Base */,
			);
			name = LaunchScreen.storyboard;
			sourceTree = "<group>";
		};
/* End PBXVariantGroup section */

/* Begin XCBuildConfiguration section */
		8D184A1B28A715F400F8E409 /* Debug */ = {
			isa = XCBuildConfiguration;
			buildSettings = {
				ACCESS_KEY = ffabb0deeamshc97ebddd1f31af1p1b4a23jsn13b8e9e34254;
				ALWAYS_SEARCH_USER_PATHS = NO;
				CLANG_ANALYZER_NONNULL = YES;
				CLANG_ANALYZER_NUMBER_OBJECT_CONVERSION = YES_AGGRESSIVE;
				CLANG_CXX_LANGUAGE_STANDARD = "gnu++17";
				CLANG_ENABLE_MODULES = YES;
				CLANG_ENABLE_OBJC_ARC = YES;
				CLANG_ENABLE_OBJC_WEAK = YES;
				CLANG_WARN_BLOCK_CAPTURE_AUTORELEASING = YES;
				CLANG_WARN_BOOL_CONVERSION = YES;
				CLANG_WARN_COMMA = YES;
				CLANG_WARN_CONSTANT_CONVERSION = YES;
				CLANG_WARN_DEPRECATED_OBJC_IMPLEMENTATIONS = YES;
				CLANG_WARN_DIRECT_OBJC_ISA_USAGE = YES_ERROR;
				CLANG_WARN_DOCUMENTATION_COMMENTS = YES;
				CLANG_WARN_EMPTY_BODY = YES;
				CLANG_WARN_ENUM_CONVERSION = YES;
				CLANG_WARN_INFINITE_RECURSION = YES;
				CLANG_WARN_INT_CONVERSION = YES;
				CLANG_WARN_NON_LITERAL_NULL_CONVERSION = YES;
				CLANG_WARN_OBJC_IMPLICIT_RETAIN_SELF = YES;
				CLANG_WARN_OBJC_LITERAL_CONVERSION = YES;
				CLANG_WARN_OBJC_ROOT_CLASS = YES_ERROR;
				CLANG_WARN_QUOTED_INCLUDE_IN_FRAMEWORK_HEADER = YES;
				CLANG_WARN_RANGE_LOOP_ANALYSIS = YES;
				CLANG_WARN_STRICT_PROTOTYPES = YES;
				CLANG_WARN_SUSPICIOUS_MOVE = YES;
				CLANG_WARN_UNGUARDED_AVAILABILITY = YES_AGGRESSIVE;
				CLANG_WARN_UNREACHABLE_CODE = YES;
				CLANG_WARN__DUPLICATE_METHOD_MATCH = YES;
				COPY_PHASE_STRIP = NO;
				DEBUG_INFORMATION_FORMAT = dwarf;
				ENABLE_STRICT_OBJC_MSGSEND = YES;
				ENABLE_TESTABILITY = YES;
				GCC_C_LANGUAGE_STANDARD = gnu11;
				GCC_DYNAMIC_NO_PIC = NO;
				GCC_NO_COMMON_BLOCKS = YES;
				GCC_OPTIMIZATION_LEVEL = 0;
				GCC_PREPROCESSOR_DEFINITIONS = (
					"DEBUG=1",
					"$(inherited)",
				);
				GCC_WARN_64_TO_32_BIT_CONVERSION = YES;
				GCC_WARN_ABOUT_RETURN_TYPE = YES_ERROR;
				GCC_WARN_UNDECLARED_SELECTOR = YES;
				GCC_WARN_UNINITIALIZED_AUTOS = YES_AGGRESSIVE;
				GCC_WARN_UNUSED_FUNCTION = YES;
				GCC_WARN_UNUSED_VARIABLE = YES;
				IPHONEOS_DEPLOYMENT_TARGET = 15.0;
				MTL_ENABLE_DEBUG_INFO = INCLUDE_SOURCE;
				MTL_FAST_MATH = YES;
				ONLY_ACTIVE_ARCH = YES;
				SDKROOT = iphoneos;
				SWIFT_ACTIVE_COMPILATION_CONDITIONS = DEBUG;
				SWIFT_OPTIMIZATION_LEVEL = "-Onone";
			};
			name = Debug;
		};
		8D184A1C28A715F400F8E409 /* Release */ = {
			isa = XCBuildConfiguration;
			buildSettings = {
				ACCESS_KEY = ffabb0deeamshc97ebddd1f31af1p1b4a23jsn13b8e9e34254;
				ALWAYS_SEARCH_USER_PATHS = NO;
				CLANG_ANALYZER_NONNULL = YES;
				CLANG_ANALYZER_NUMBER_OBJECT_CONVERSION = YES_AGGRESSIVE;
				CLANG_CXX_LANGUAGE_STANDARD = "gnu++17";
				CLANG_ENABLE_MODULES = YES;
				CLANG_ENABLE_OBJC_ARC = YES;
				CLANG_ENABLE_OBJC_WEAK = YES;
				CLANG_WARN_BLOCK_CAPTURE_AUTORELEASING = YES;
				CLANG_WARN_BOOL_CONVERSION = YES;
				CLANG_WARN_COMMA = YES;
				CLANG_WARN_CONSTANT_CONVERSION = YES;
				CLANG_WARN_DEPRECATED_OBJC_IMPLEMENTATIONS = YES;
				CLANG_WARN_DIRECT_OBJC_ISA_USAGE = YES_ERROR;
				CLANG_WARN_DOCUMENTATION_COMMENTS = YES;
				CLANG_WARN_EMPTY_BODY = YES;
				CLANG_WARN_ENUM_CONVERSION = YES;
				CLANG_WARN_INFINITE_RECURSION = YES;
				CLANG_WARN_INT_CONVERSION = YES;
				CLANG_WARN_NON_LITERAL_NULL_CONVERSION = YES;
				CLANG_WARN_OBJC_IMPLICIT_RETAIN_SELF = YES;
				CLANG_WARN_OBJC_LITERAL_CONVERSION = YES;
				CLANG_WARN_OBJC_ROOT_CLASS = YES_ERROR;
				CLANG_WARN_QUOTED_INCLUDE_IN_FRAMEWORK_HEADER = YES;
				CLANG_WARN_RANGE_LOOP_ANALYSIS = YES;
				CLANG_WARN_STRICT_PROTOTYPES = YES;
				CLANG_WARN_SUSPICIOUS_MOVE = YES;
				CLANG_WARN_UNGUARDED_AVAILABILITY = YES_AGGRESSIVE;
				CLANG_WARN_UNREACHABLE_CODE = YES;
				CLANG_WARN__DUPLICATE_METHOD_MATCH = YES;
				COPY_PHASE_STRIP = NO;
				DEBUG_INFORMATION_FORMAT = "dwarf-with-dsym";
				ENABLE_NS_ASSERTIONS = NO;
				ENABLE_STRICT_OBJC_MSGSEND = YES;
				GCC_C_LANGUAGE_STANDARD = gnu11;
				GCC_NO_COMMON_BLOCKS = YES;
				GCC_WARN_64_TO_32_BIT_CONVERSION = YES;
				GCC_WARN_ABOUT_RETURN_TYPE = YES_ERROR;
				GCC_WARN_UNDECLARED_SELECTOR = YES;
				GCC_WARN_UNINITIALIZED_AUTOS = YES_AGGRESSIVE;
				GCC_WARN_UNUSED_FUNCTION = YES;
				GCC_WARN_UNUSED_VARIABLE = YES;
				IPHONEOS_DEPLOYMENT_TARGET = 15.0;
				MTL_ENABLE_DEBUG_INFO = NO;
				MTL_FAST_MATH = YES;
				SDKROOT = iphoneos;
				SWIFT_COMPILATION_MODE = wholemodule;
				SWIFT_OPTIMIZATION_LEVEL = "-O";
				VALIDATE_PRODUCT = YES;
			};
			name = Release;
		};
		8D184A1E28A715F400F8E409 /* Debug */ = {
			isa = XCBuildConfiguration;
			baseConfigurationReference = 0ADD6DE47534440831479F85 /* Pods-Drapshop.debug.xcconfig */;
			buildSettings = {
				ASSETCATALOG_COMPILER_APPICON_NAME = AppIcon;
				ASSETCATALOG_COMPILER_GLOBAL_ACCENT_COLOR_NAME = AccentColor;
				CODE_SIGN_STYLE = Automatic;
				CURRENT_PROJECT_VERSION = 1;
				DEVELOPMENT_TEAM = HVPZG85R23;
				GENERATE_INFOPLIST_FILE = YES;
				INFOPLIST_FILE = Drapshop/Info.plist;
				INFOPLIST_KEY_UIApplicationSupportsIndirectInputEvents = YES;
				INFOPLIST_KEY_UILaunchStoryboardName = LaunchScreen;
				INFOPLIST_KEY_UISupportedInterfaceOrientations_iPad = "UIInterfaceOrientationPortrait UIInterfaceOrientationPortraitUpsideDown UIInterfaceOrientationLandscapeLeft UIInterfaceOrientationLandscapeRight";
				INFOPLIST_KEY_UISupportedInterfaceOrientations_iPhone = "UIInterfaceOrientationPortrait UIInterfaceOrientationLandscapeLeft UIInterfaceOrientationLandscapeRight";
				LD_RUNPATH_SEARCH_PATHS = (
					"$(inherited)",
					"@executable_path/Frameworks",
				);
				MARKETING_VERSION = 1.0;
				PRODUCT_BUNDLE_IDENTIFIER = com.3rnestocs.Drapshop;
				PRODUCT_NAME = "$(TARGET_NAME)";
				SWIFT_EMIT_LOC_STRINGS = YES;
				SWIFT_VERSION = 5.0;
				TARGETED_DEVICE_FAMILY = "1,2";
			};
			name = Debug;
		};
		8D184A1F28A715F400F8E409 /* Release */ = {
			isa = XCBuildConfiguration;
			baseConfigurationReference = 0A71935764962E877E8A6375 /* Pods-Drapshop.release.xcconfig */;
			buildSettings = {
				ASSETCATALOG_COMPILER_APPICON_NAME = AppIcon;
				ASSETCATALOG_COMPILER_GLOBAL_ACCENT_COLOR_NAME = AccentColor;
				CODE_SIGN_STYLE = Automatic;
				CURRENT_PROJECT_VERSION = 1;
				DEVELOPMENT_TEAM = HVPZG85R23;
				GENERATE_INFOPLIST_FILE = YES;
				INFOPLIST_FILE = Drapshop/Info.plist;
				INFOPLIST_KEY_UIApplicationSupportsIndirectInputEvents = YES;
				INFOPLIST_KEY_UILaunchStoryboardName = LaunchScreen;
				INFOPLIST_KEY_UISupportedInterfaceOrientations_iPad = "UIInterfaceOrientationPortrait UIInterfaceOrientationPortraitUpsideDown UIInterfaceOrientationLandscapeLeft UIInterfaceOrientationLandscapeRight";
				INFOPLIST_KEY_UISupportedInterfaceOrientations_iPhone = "UIInterfaceOrientationPortrait UIInterfaceOrientationLandscapeLeft UIInterfaceOrientationLandscapeRight";
				LD_RUNPATH_SEARCH_PATHS = (
					"$(inherited)",
					"@executable_path/Frameworks",
				);
				MARKETING_VERSION = 1.0;
				PRODUCT_BUNDLE_IDENTIFIER = com.3rnestocs.Drapshop;
				PRODUCT_NAME = "$(TARGET_NAME)";
				SWIFT_EMIT_LOC_STRINGS = YES;
				SWIFT_VERSION = 5.0;
				TARGETED_DEVICE_FAMILY = "1,2";
			};
			name = Release;
		};
/* End XCBuildConfiguration section */

/* Begin XCConfigurationList section */
		8D184A0428A715EE00F8E409 /* Build configuration list for PBXProject "Drapshop" */ = {
			isa = XCConfigurationList;
			buildConfigurations = (
				8D184A1B28A715F400F8E409 /* Debug */,
				8D184A1C28A715F400F8E409 /* Release */,
			);
			defaultConfigurationIsVisible = 0;
			defaultConfigurationName = Release;
		};
		8D184A1D28A715F400F8E409 /* Build configuration list for PBXNativeTarget "Drapshop" */ = {
			isa = XCConfigurationList;
			buildConfigurations = (
				8D184A1E28A715F400F8E409 /* Debug */,
				8D184A1F28A715F400F8E409 /* Release */,
			);
			defaultConfigurationIsVisible = 0;
			defaultConfigurationName = Release;
		};
/* End XCConfigurationList section */
	};
	rootObject = 8D184A0128A715EE00F8E409 /* Project object */;
}
